
Microsoft Visual Studio Solution File, Format Version 12.00
# Visual Studio Version 17
VisualStudioVersion = 17.2.32505.173
MinimumVisualStudioVersion = 10.0.40219.1
Project("{9A19103F-16F7-4668-BE54-9A1E7A4F7556}") = "DoPix", "DoPix.csproj", "{E7E0B2E7-4B45-400B-9C9E-8ED765669BAD}"
EndProject
Global
	GlobalSection(SolutionConfigurationPlatforms) = preSolution
		Debug|Any CPU = Debug|Any CPU
		Release|Any CPU = Release|Any CPU
	EndGlobalSection
	GlobalSection(ProjectConfigurationPlatforms) = postSolution
		{E7E0B2E7-4B45-400B-9C9E-8ED765669BAD}.Debug|Any CPU.ActiveCfg = Debug|Any CPU
		{E7E0B2E7-4B45-400B-9C9E-8ED765669BAD}.Debug|Any CPU.Build.0 = Debug|Any CPU
		{E7E0B2E7-4B45-400B-9C9E-8ED765669BAD}.Release|Any CPU.ActiveCfg = Release|Any CPU
		{E7E0B2E7-4B45-400B-9C9E-8ED765669BAD}.Release|Any CPU.Build.0 = Release|Any CPU
	EndGlobalSection
	GlobalSection(SolutionProperties) = preSolution
		HideSolutionNode = FALSE
	EndGlobalSection
	GlobalSection(ExtensibilityGlobals) = postSolution
		SolutionGuid = {3ED0F33A-0EFA-4A01-AADD-144147835958}
	EndGlobalSection
EndGlobal
